dependencies:
  espressif/cmake_utilities:
    component_hash: 351350613ceafba240b761b4ea991e0f231ac7a9f59a9ee901f751bddc0bb18f
    dependencies:
    - name: idf
      require: private
      version: '>=4.1'
    source:
      registry_url: https://components.espressif.com
      type: service
    version: 0.5.3
  espressif/esp_csi_gain_ctrl:
    component_hash: 2700b6625343916dfb721af42131857b3e387dbbb9cc1df569128525c8b05f8e
    dependencies:
    - name: espressif/cmake_utilities
      registry_url: https://components.espressif.com
      require: private
      version: 0.*
    - name: idf
      require: private
      version: '>=4.4.1'
    source:
      registry_url: https://components.espressif.com/
      type: service
    targets:
    - esp32
    - esp32s3
    - esp32s2
    - esp32c3
    - esp32c5
    - esp32c6
    - esp32c61
    version: 0.1.5
  idf:
    source:
      type: idf
    version: 6.0.1
  lvgl/lvgl:
    component_hash: 948bff879a345149b83065535bbc4a026ce9f47498a22881e432a264b9098015
    dependencies: []
    source:
      registry_url: https://components.espressif.com/
      type: service
    version: 8.3.11
direct_dependencies:
- espressif/esp_csi_gain_ctrl
- lvgl/lvgl
manifest_hash: f01f7001ab13baef69212c71a4702f92208678e9309990af161c94d0e6b1d3fb
target: esp32c5
version: 3.0.0
